
Microsoft Visual Studio Solution File, Format Version 12.00
# Visual Studio 2012
Project("{FAE04EC0-301F-11D3-BF4B-00C04F79EFBC}") = "GameAnalytics_Practice2", "GameAnalytics_Practice2\GameAnalytics_Practice2.csproj", "{16E585A0-D6B4-46DE-B7D6-97695EF4939A}"
EndProject
Global
	GlobalSection(SolutionConfigurationPlatforms) = preSolution
		Debug|Any CPU = Debug|Any CPU
		Release|Any CPU = Release|Any CPU
	EndGlobalSection
	GlobalSection(ProjectConfigurationPlatforms) = postSolution
		{16E585A0-D6B4-46DE-B7D6-97695EF4939A}.Debug|Any CPU.ActiveCfg = Debug|Any CPU
		{16E585A0-D6B4-46DE-B7D6-97695EF4939A}.Debug|Any CPU.Build.0 = Debug|Any CPU
		{16E585A0-D6B4-46DE-B7D6-97695EF4939A}.Release|Any CPU.ActiveCfg = Release|Any CPU
		{16E585A0-D6B4-46DE-B7D6-97695EF4939A}.Release|Any CPU.Build.0 = Release|Any CPU
	EndGlobalSection
	GlobalSection(SolutionProperties) = preSolution
		HideSolutionNode = FALSE
	EndGlobalSection
EndGlobal
